
Microsoft Visual Studio Solution File, Format Version 12.00
# Visual Studio 14
VisualStudioVersion = 14.0.25420.1
MinimumVisualStudioVersion = 10.0.40219.1
Project("{FAE04EC0-301F-11D3-BF4B-00C04F79EFBC}") = "02.ConvertFromBase-N to base-10", "02.ConvertFromBase-N to base-10\02.ConvertFromBase-N to base-10.csproj", "{3FA45D60-054A-4434-ADD1-D9B727FA5231}"
EndProject
Project("{FAE04EC0-301F-11D3-BF4B-00C04F79EFBC}") = "01.ConvertFromBase-10ToBase-N", "01.ConvertFromBase-10ToBase-N\01.ConvertFromBase-10ToBase-N.csproj", "{11DBA075-C007-40A5-BF74-793D89FEA340}"
EndProject
Project("{FAE04EC0-301F-11D3-BF4B-00C04F79EFBC}") = "03.UnicodeCharacters", "03.UnicodeCharacters\03.UnicodeCharacters.csproj", "{23BED14D-D585-40A3-9CB1-DB823A053F44}"
EndProject
Project("{FAE04EC0-301F-11D3-BF4B-00C04F79EFBC}") = "04.CharacterMultiplier", "04.CharacterMultiplier\04.CharacterMultiplier.csproj", "{6727A6C8-8568-44A4-BA87-FCA81DC1A499}"
EndProject
Project("{FAE04EC0-301F-11D3-BF4B-00C04F79EFBC}") = "05.MagicExchangeableWords", "05.MagicExchangeableWords\05.MagicExchangeableWords.csproj", "{F3E65193-F4BC-4E91-80BA-867E4CD61C09}"
EndProject
Project("{FAE04EC0-301F-11D3-BF4B-00C04F79EFBC}") = "06.SumBigNumbers", "06.SumBigNumbers\06.SumBigNumbers.csproj", "{A396134D-814A-4C86-8D51-CD7A7DF3EAAD}"
EndProject
Project("{FAE04EC0-301F-11D3-BF4B-00C04F79EFBC}") = "07.MultiplyBigNumber", "07.MultiplyBigNumber\07.MultiplyBigNumber.csproj", "{FA9A4B75-E775-4100-9545-AF252BA768F5}"
EndProject
Project("{FAE04EC0-301F-11D3-BF4B-00C04F79EFBC}") = "08.LettersChangeNumbers", "08.LettersChangeNumbers\08.LettersChangeNumbers.csproj", "{22EE7E6C-2181-4559-AE0C-BC475E3ECABE}"
EndProject
Project("{FAE04EC0-301F-11D3-BF4B-00C04F79EFBC}") = "09.MelrahShake", "09.MelrahShake\09.MelrahShake.csproj", "{00796BC9-3F02-48B2-B299-BC0851ED3021}"
EndProject
Global
	GlobalSection(SolutionConfigurationPlatforms) = preSolution
		Debug|Any CPU = Debug|Any CPU
		Release|Any CPU = Release|Any CPU
	EndGlobalSection
	GlobalSection(ProjectConfigurationPlatforms) = postSolution
		{3FA45D60-054A-4434-ADD1-D9B727FA5231}.Debug|Any CPU.ActiveCfg = Debug|Any CPU
		{3FA45D60-054A-4434-ADD1-D9B727FA5231}.Debug|Any CPU.Build.0 = Debug|Any CPU
		{3FA45D60-054A-4434-ADD1-D9B727FA5231}.Release|Any CPU.ActiveCfg = Release|Any CPU
		{3FA45D60-054A-4434-ADD1-D9B727FA5231}.Release|Any CPU.Build.0 = Release|Any CPU
		{11DBA075-C007-40A5-BF74-793D89FEA340}.Debug|Any CPU.ActiveCfg = Debug|Any CPU
		{11DBA075-C007-40A5-BF74-793D89FEA340}.Debug|Any CPU.Build.0 = Debug|Any CPU
		{11DBA075-C007-40A5-BF74-793D89FEA340}.Release|Any CPU.ActiveCfg = Release|Any CPU
		{11DBA075-C007-40A5-BF74-793D89FEA340}.Release|Any CPU.Build.0 = Release|Any CPU
		{23BED14D-D585-40A3-9CB1-DB823A053F44}.Debug|Any CPU.ActiveCfg = Debug|Any CPU
		{23BED14D-D585-40A3-9CB1-DB823A053F44}.Debug|Any CPU.Build.0 = Debug|Any CPU
		{23BED14D-D585-40A3-9CB1-DB823A053F44}.Release|Any CPU.ActiveCfg = Release|Any CPU
		{23BED14D-D585-40A3-9CB1-DB823A053F44}.Release|Any CPU.Build.0 = Release|Any CPU
		{6727A6C8-8568-44A4-BA87-FCA81DC1A499}.Debug|Any CPU.ActiveCfg = Debug|Any CPU
		{6727A6C8-8568-44A4-BA87-FCA81DC1A499}.Debug|Any CPU.Build.0 = Debug|Any CPU
		{6727A6C8-8568-44A4-BA87-FCA81DC1A499}.Release|Any CPU.ActiveCfg = Release|Any CPU
		{6727A6C8-8568-44A4-BA87-FCA81DC1A499}.Release|Any CPU.Build.0 = Release|Any CPU
		{F3E65193-F4BC-4E91-80BA-867E4CD61C09}.Debug|Any CPU.ActiveCfg = Debug|Any CPU
		{F3E65193-F4BC-4E91-80BA-867E4CD61C09}.Debug|Any CPU.Build.0 = Debug|Any CPU
		{F3E65193-F4BC-4E91-80BA-867E4CD61C09}.Release|Any CPU.ActiveCfg = Release|Any CPU
		{F3E65193-F4BC-4E91-80BA-867E4CD61C09}.Release|Any CPU.Build.0 = Release|Any CPU
		{A396134D-814A-4C86-8D51-CD7A7DF3EAAD}.Debug|Any CPU.ActiveCfg = Debug|Any CPU
		{A396134D-814A-4C86-8D51-CD7A7DF3EAAD}.Debug|Any CPU.Build.0 = Debug|Any CPU
		{A396134D-814A-4C86-8D51-CD7A7DF3EAAD}.Release|Any CPU.ActiveCfg = Release|Any CPU
		{A396134D-814A-4C86-8D51-CD7A7DF3EAAD}.Release|Any CPU.Build.0 = Release|Any CPU
		{FA9A4B75-E775-4100-9545-AF252BA768F5}.Debug|Any CPU.ActiveCfg = Debug|Any CPU
		{FA9A4B75-E775-4100-9545-AF252BA768F5}.Debug|Any CPU.Build.0 = Debug|Any CPU
		{FA9A4B75-E775-4100-9545-AF252BA768F5}.Release|Any CPU.ActiveCfg = Release|Any CPU
		{FA9A4B75-E775-4100-9545-AF252BA768F5}.Release|Any CPU.Build.0 = Release|Any CPU
		{22EE7E6C-2181-4559-AE0C-BC475E3ECABE}.Debug|Any CPU.ActiveCfg = Debug|Any CPU
		{22EE7E6C-2181-4559-AE0C-BC475E3ECABE}.Debug|Any CPU.Build.0 = Debug|Any CPU
		{22EE7E6C-2181-4559-AE0C-BC475E3ECABE}.Release|Any CPU.ActiveCfg = Release|Any CPU
		{22EE7E6C-2181-4559-AE0C-BC475E3ECABE}.Release|Any CPU.Build.0 = Release|Any CPU
		{00796BC9-3F02-48B2-B299-BC0851ED3021}.Debug|Any CPU.ActiveCfg = Debug|Any CPU
		{00796BC9-3F02-48B2-B299-BC0851ED3021}.Debug|Any CPU.Build.0 = Debug|Any CPU
		{00796BC9-3F02-48B2-B299-BC0851ED3021}.Release|Any CPU.ActiveCfg = Release|Any CPU
		{00796BC9-3F02-48B2-B299-BC0851ED3021}.Release|Any CPU.Build.0 = Release|Any CPU
	EndGlobalSection
	GlobalSection(SolutionProperties) = preSolution
		HideSolutionNode = FALSE
	EndGlobalSection
EndGlobal
